// !$*UTF8*$!
{
	archiveVersion = 1;
	classes = {
	};
	objectVersion = 77;
	objects = {

/* Begin PBXContainerItemProxy section */
		AF4450092CC636EB0069D807 /* PBXContainerItemProxy */ = {
			isa = PBXContainerItemProxy;
			containerPortal = AF444FF02CC636EA0069D807 /* Project object */;
			proxyType = 1;
			remoteGlobalIDString = AF444FF72CC636EA0069D807;
			remoteInfo = "e.g., WaterTrackerApp.";
		};
		AF4450132CC636EB0069D807 /* PBXContainerItemProxy */ = {
			isa = PBXContainerItemProxy;
			containerPortal = AF444FF02CC636EA0069D807 /* Project object */;
			proxyType = 1;
			remoteGlobalIDString = AF444FF72CC636EA0069D807;
			remoteInfo = "e.g., WaterTrackerApp.";
		};
/* End PBXContainerItemProxy section */

/* Begin PBXFileReference section */
		AF444FF82CC636EA0069D807 /* e.g., WaterTrackerApp..app */ = {isa = PBXFileReference; explicitFileType = wrapper.application; includeInIndex = 0; path = "e.g., WaterTrackerApp..app"; sourceTree = BUILT_PRODUCTS_DIR; };
		AF4450082CC636EB0069D807 /* e.g., WaterTrackerApp.Tests.xctest */ = {isa = PBXFileReference; explicitFileType = wrapper.cfbundle; includeInIndex = 0; path = "e.g., WaterTrackerApp.Tests.xctest"; sourceTree = BUILT_PRODUCTS_DIR; };
		AF4450122CC636EB0069D807 /* e.g., WaterTrackerApp.UITests.xctest */ = {isa = PBXFileReference; explicitFileType = wrapper.cfbundle; includeInIndex = 0; path = "e.g., WaterTrackerApp.UITests.xctest"; sourceTree = BUILT_PRODUCTS_DIR; };
/* End PBXFileReference section */

/* Begin PBXFileSystemSynchronizedRootGroup section */
		AF444FFA2CC636EA0069D807 /* e.g., WaterTrackerApp. */ = {
			isa = PBXFileSystemSynchronizedRootGroup;
			path = "e.g., WaterTrackerApp.";
			sourceTree = "<group>";
		};
		AF44500B2CC636EB0069D807 /* e.g., WaterTrackerApp.Tests */ = {
			isa = PBXFileSystemSynchronizedRootGroup;
			path = "e.g., WaterTrackerApp.Tests";
			sourceTree = "<group>";
		};
		AF4450152CC636EB0069D807 /* e.g., WaterTrackerApp.UITests */ = {
			isa = PBXFileSystemSynchronizedRootGroup;
			path = "e.g., WaterTrackerApp.UITests";
			sourceTree = "<group>";
		};
/* End PBXFileSystemSynchronizedRootGroup section */

/* Begin PBXFrameworksBuildPhase section */
		AF444FF52CC636EA0069D807 /* Frameworks */ = {
			isa = PBXFrameworksBuildPhase;
			buildActionMask = 2147483647;
			files = (
			);
			runOnlyForDeploymentPostprocessing = 0;
		};
		AF4450052CC636EB0069D807 /* Frameworks */ = {
			isa = PBXFrameworksBuildPhase;
			buildActionMask = 2147483647;
			files = (
			);
			runOnlyForDeploymentPostprocessing = 0;
		};
		AF44500F2CC636EB0069D807 /* Frameworks */ = {
			isa = PBXFrameworksBuildPhase;
			buildActionMask = 2147483647;
			files = (
			);
			runOnlyForDeploymentPostprocessing = 0;
		};
/* End PBXFrameworksBuildPhase section */

/* Begin PBXGroup section */
		AF444FEF2CC636EA0069D807 = {
			isa = PBXGroup;
			children = (
				AF444FFA2CC636EA0069D807 /* e.g., WaterTrackerApp. */,
				AF44500B2CC636EB0069D807 /* e.g., WaterTrackerApp.Tests */,
				AF4450152CC636EB0069D807 /* e.g., WaterTrackerApp.UITests */,
				AF444FF92CC636EA0069D807 /* Products */,
			);
			sourceTree = "<group>";
		};
		AF444FF92CC636EA0069D807 /* Products */ = {
			isa = PBXGroup;
			children = (
				AF444FF82CC636EA0069D807 /* e.g., WaterTrackerApp..app */,
				AF4450082CC636EB0069D807 /* e.g., WaterTrackerApp.Tests.xctest */,
				AF4450122CC636EB0069D807 /* e.g., WaterTrackerApp.UITests.xctest */,
			);
			name = Products;
			sourceTree = "<group>";
		};
/* End PBXGroup section */

/* Begin PBXNativeTarget section */
		AF444FF72CC636EA0069D807 /* e.g., WaterTrackerApp. */ = {
			isa = PBXNativeTarget;
			buildConfigurationList = AF44501C2CC636EB0069D807 /* Build configuration list for PBXNativeTarget "e.g., WaterTrackerApp." */;
			buildPhases = (
				AF444FF42CC636EA0069D807 /* Sources */,
				AF444FF52CC636EA0069D807 /* Frameworks */,
				AF444FF62CC636EA0069D807 /* Resources */,
			);
			buildRules = (
			);
			dependencies = (
			);
			fileSystemSynchronizedGroups = (
				AF444FFA2CC636EA0069D807 /* e.g., WaterTrackerApp. */,
			);
			name = "e.g., WaterTrackerApp.";
			packageProductDependencies = (
			);
			productName = "e.g., WaterTrackerApp.";
			productReference = AF444FF82CC636EA0069D807 /* e.g., WaterTrackerApp..app */;
			productType = "com.apple.product-type.application";
		};
		AF4450072CC636EB0069D807 /* e.g., WaterTrackerApp.Tests */ = {
			isa = PBXNativeTarget;
			buildConfigurationList = AF44501F2CC636EB0069D807 /* Build configuration list for PBXNativeTarget "e.g., WaterTrackerApp.Tests" */;
			buildPhases = (
				AF4450042CC636EB0069D807 /* Sources */,
				AF4450052CC636EB0069D807 /* Frameworks */,
				AF4450062CC636EB0069D807 /* Resources */,
			);
			buildRules = (
			);
			dependencies = (
				AF44500A2CC636EB0069D807 /* PBXTargetDependency */,
			);
			fileSystemSynchronizedGroups = (
				AF44500B2CC636EB0069D807 /* e.g., WaterTrackerApp.Tests */,
			);
			name = "e.g., WaterTrackerApp.Tests";
			packageProductDependencies = (
			);
			productName = "e.g., WaterTrackerApp.Tests";
			productReference = AF4450082CC636EB0069D807 /* e.g., WaterTrackerApp.Tests.xctest */;
			productType = "com.apple.product-type.bundle.unit-test";
		};
		AF4450112CC636EB0069D807 /* e.g., WaterTrackerApp.UITests */ = {
			isa = PBXNativeTarget;
			buildConfigurationList = AF4450222CC636EB0069D807 /* Build configuration list for PBXNativeTarget "e.g., WaterTrackerApp.UITests" */;
			buildPhases = (
				AF44500E2CC636EB0069D807 /* Sources */,
				AF44500F2CC636EB0069D807 /* Frameworks */,
				AF4450102CC636EB0069D807 /* Resources */,
			);
			buildRules = (
			);
			dependencies = (
				AF4450142CC636EB0069D807 /* PBXTargetDependency */,
			);
			fileSystemSynchronizedGroups = (
				AF4450152CC636EB0069D807 /* e.g., WaterTrackerApp.UITests */,
			);
			name = "e.g., WaterTrackerApp.UITests";
			packageProductDependencies = (
			);
			productName = "e.g., WaterTrackerApp.UITests";
			productReference = AF4450122CC636EB0069D807 /* e.g., WaterTrackerApp.UITests.xctest */;
			productType = "com.apple.product-type.bundle.ui-testing";
		};
/* End PBXNativeTarget section */

/* Begin PBXProject section */
		AF444FF02CC636EA0069D807 /* Project object */ = {
			isa = PBXProject;
			attributes = {
				BuildIndependentTargetsInParallel = 1;
				LastSwiftUpdateCheck = 1600;
				LastUpgradeCheck = 1600;
				TargetAttributes = {
					AF444FF72CC636EA0069D807 = {
						CreatedOnToolsVersion = 16.0;
					};
					AF4450072CC636EB0069D807 = {
						CreatedOnToolsVersion = 16.0;
						TestTargetID = AF444FF72CC636EA0069D807;
					};
					AF4450112CC636EB0069D807 = {
						CreatedOnToolsVersion = 16.0;
						TestTargetID = AF444FF72CC636EA0069D807;
					};
				};
			};
			buildConfigurationList = AF444FF32CC636EA0069D807 /* Build configuration list for PBXProject "e.g., WaterTrackerApp." */;
			developmentRegion = en;
			hasScannedForEncodings = 0;
			knownRegions = (
				en,
				Base,
			);
			mainGroup = AF444FEF2CC636EA0069D807;
			minimizedProjectReferenceProxies = 1;
			preferredProjectObjectVersion = 77;
			productRefGroup = AF444FF92CC636EA0069D807 /* Products */;
			projectDirPath = "";
			projectRoot = "";
			targets = (
				AF444FF72CC636EA0069D807 /* e.g., WaterTrackerApp. */,
				AF4450072CC636EB0069D807 /* e.g., WaterTrackerApp.Tests */,
				AF4450112CC636EB0069D807 /* e.g., WaterTrackerApp.UITests */,
			);
		};
/* End PBXProject section */

/* Begin PBXResourcesBuildPhase section */
		AF444FF62CC636EA0069D807 /* Resources */ = {
			isa = PBXResourcesBuildPhase;
			buildActionMask = 2147483647;
			files = (
			);
			runOnlyForDeploymentPostprocessing = 0;
		};
		AF4450062CC636EB0069D807 /* Resources */ = {
			isa = PBXResourcesBuildPhase;
			buildActionMask = 2147483647;
			files = (
			);
			runOnlyForDeploymentPostprocessing = 0;
		};
		AF4450102CC636EB0069D807 /* Resources */ = {
			isa = PBXResourcesBuildPhase;
			buildActionMask = 2147483647;
			files = (
			);
			runOnlyForDeploymentPostprocessing = 0;
		};
/* End PBXResourcesBuildPhase section */

/* Begin PBXSourcesBuildPhase section */
		AF444FF42CC636EA0069D807 /* Sources */ = {
			isa = PBXSourcesBuildPhase;
			buildActionMask = 2147483647;
			files = (
			);
			runOnlyForDeploymentPostprocessing = 0;
		};
		AF4450042CC636EB0069D807 /* Sources */ = {
			isa = PBXSourcesBuildPhase;
			buildActionMask = 2147483647;
			files = (
			);
			runOnlyForDeploymentPostprocessing = 0;
		};
		AF44500E2CC636EB0069D807 /* Sources */ = {
			isa = PBXSourcesBuildPhase;
			buildActionMask = 2147483647;
			files = (
			);
			runOnlyForDeploymentPostprocessing = 0;
		};
/* End PBXSourcesBuildPhase section */

/* Begin PBXTargetDependency section */
		AF44500A2CC636EB0069D807 /* PBXTargetDependency */ = {
			isa = PBXTargetDependency;
			target = AF444FF72CC636EA0069D807 /* e.g., WaterTrackerApp. */;
			targetProxy = AF4450092CC636EB0069D807 /* PBXContainerItemProxy */;
		};
		AF4450142CC636EB0069D807 /* PBXTargetDependency */ = {
			isa = PBXTargetDependency;
			target = AF444FF72CC636EA0069D807 /* e.g., WaterTrackerApp. */;
			targetProxy = AF4450132CC636EB0069D807 /* PBXContainerItemProxy */;
		};
/* End PBXTargetDependency section */

/* Begin XCBuildConfiguration section */
		AF44501A2CC636EB0069D807 /* Debug */ = {
			isa = XCBuildConfiguration;
			buildSettings = {
				ALWAYS_SEARCH_USER_PATHS = NO;
				ASSETCATALOG_COMPILER_GENERATE_SWIFT_ASSET_SYMBOL_EXTENSIONS = YES;
				CLANG_ANALYZER_NONNULL = YES;
				CLANG_ANALYZER_NUMBER_OBJECT_CONVERSION = YES_AGGRESSIVE;
				CLANG_CXX_LANGUAGE_STANDARD = "gnu++20";
				CLANG_ENABLE_MODULES = YES;
				CLANG_ENABLE_OBJC_ARC = YES;
				CLANG_ENABLE_OBJC_WEAK = YES;
				CLANG_WARN_BLOCK_CAPTURE_AUTORELEASING = YES;
				CLANG_WARN_BOOL_CONVERSION = YES;
				CLANG_WARN_COMMA = YES;
				CLANG_WARN_CONSTANT_CONVERSION = YES;
				CLANG_WARN_DEPRECATED_OBJC_IMPLEMENTATIONS = YES;
				CLANG_WARN_DIRECT_OBJC_ISA_USAGE = YES_ERROR;
				CLANG_WARN_DOCUMENTATION_COMMENTS = YES;
				CLANG_WARN_EMPTY_BODY = YES;
				CLANG_WARN_ENUM_CONVERSION = YES;
				CLANG_WARN_INFINITE_RECURSION = YES;
				CLANG_WARN_INT_CONVERSION = YES;
				CLANG_WARN_NON_LITERAL_NULL_CONVERSION = YES;
				CLANG_WARN_OBJC_IMPLICIT_RETAIN_SELF = YES;
				CLANG_WARN_OBJC_LITERAL_CONVERSION = YES;
				CLANG_WARN_OBJC_ROOT_CLASS = YES_ERROR;
				CLANG_WARN_QUOTED_INCLUDE_IN_FRAMEWORK_HEADER = YES;
				CLANG_WARN_RANGE_LOOP_ANALYSIS = YES;
				CLANG_WARN_STRICT_PROTOTYPES = YES;
				CLANG_WARN_SUSPICIOUS_MOVE = YES;
				CLANG_WARN_UNGUARDED_AVAILABILITY = YES_AGGRESSIVE;
				CLANG_WARN_UNREACHABLE_CODE = YES;
				CLANG_WARN__DUPLICATE_METHOD_MATCH = YES;
				COPY_PHASE_STRIP = NO;
				DEBUG_INFORMATION_FORMAT = dwarf;
				ENABLE_STRICT_OBJC_MSGSEND = YES;
				ENABLE_TESTABILITY = YES;
				ENABLE_USER_SCRIPT_SANDBOXING = YES;
				GCC_C_LANGUAGE_STANDARD = gnu17;
				GCC_DYNAMIC_NO_PIC = NO;
				GCC_NO_COMMON_BLOCKS = YES;
				GCC_OPTIMIZATION_LEVEL = 0;
				GCC_PREPROCESSOR_DEFINITIONS = (
					"DEBUG=1",
					"$(inherited)",
				);
				GCC_WARN_64_TO_32_BIT_CONVERSION = YES;
				GCC_WARN_ABOUT_RETURN_TYPE = YES_ERROR;
				GCC_WARN_UNDECLARED_SELECTOR = YES;
				GCC_WARN_UNINITIALIZED_AUTOS = YES_AGGRESSIVE;
				GCC_WARN_UNUSED_FUNCTION = YES;
				GCC_WARN_UNUSED_VARIABLE = YES;
				IPHONEOS_DEPLOYMENT_TARGET = 18.0;
				LOCALIZATION_PREFERS_STRING_CATALOGS = YES;
				MTL_ENABLE_DEBUG_INFO = INCLUDE_SOURCE;
				MTL_FAST_MATH = YES;
				ONLY_ACTIVE_ARCH = YES;
				SDKROOT = iphoneos;
				SWIFT_ACTIVE_COMPILATION_CONDITIONS = "DEBUG $(inherited)";
				SWIFT_OPTIMIZATION_LEVEL = "-Onone";
			};
			name = Debug;
		};
		AF44501B2CC636EB0069D807 /* Release */ = {
			isa = XCBuildConfiguration;
			buildSettings = {
				ALWAYS_SEARCH_USER_PATHS = NO;
				ASSETCATALOG_COMPILER_GENERATE_SWIFT_ASSET_SYMBOL_EXTENSIONS = YES;
				CLANG_ANALYZER_NONNULL = YES;
				CLANG_ANALYZER_NUMBER_OBJECT_CONVERSION = YES_AGGRESSIVE;
				CLANG_CXX_LANGUAGE_STANDARD = "gnu++20";
				CLANG_ENABLE_MODULES = YES;
				CLANG_ENABLE_OBJC_ARC = YES;
				CLANG_ENABLE_OBJC_WEAK = YES;
				CLANG_WARN_BLOCK_CAPTURE_AUTORELEASING = YES;
				CLANG_WARN_BOOL_CONVERSION = YES;
				CLANG_WARN_COMMA = YES;
				CLANG_WARN_CONSTANT_CONVERSION = YES;
				CLANG_WARN_DEPRECATED_OBJC_IMPLEMENTATIONS = YES;
				CLANG_WARN_DIRECT_OBJC_ISA_USAGE = YES_ERROR;
				CLANG_WARN_DOCUMENTATION_COMMENTS = YES;
				CLANG_WARN_EMPTY_BODY = YES;
				CLANG_WARN_ENUM_CONVERSION = YES;
				CLANG_WARN_INFINITE_RECURSION = YES;
				CLANG_WARN_INT_CONVERSION = YES;
				CLANG_WARN_NON_LITERAL_NULL_CONVERSION = YES;
				CLANG_WARN_OBJC_IMPLICIT_RETAIN_SELF = YES;
				CLANG_WARN_OBJC_LITERAL_CONVERSION = YES;
				CLANG_WARN_OBJC_ROOT_CLASS = YES_ERROR;
				CLANG_WARN_QUOTED_INCLUDE_IN_FRAMEWORK_HEADER = YES;
				CLANG_WARN_RANGE_LOOP_ANALYSIS = YES;
				CLANG_WARN_STRICT_PROTOTYPES = YES;
				CLANG_WARN_SUSPICIOUS_MOVE = YES;
				CLANG_WARN_UNGUARDED_AVAILABILITY = YES_AGGRESSIVE;
				CLANG_WARN_UNREACHABLE_CODE = YES;
				CLANG_WARN__DUPLICATE_METHOD_MATCH = YES;
				COPY_PHASE_STRIP = NO;
				DEBUG_INFORMATION_FORMAT = "dwarf-with-dsym";
				ENABLE_NS_ASSERTIONS = NO;
				ENABLE_STRICT_OBJC_MSGSEND = YES;
				ENABLE_USER_SCRIPT_SANDBOXING = YES;
				GCC_C_LANGUAGE_STANDARD = gnu17;
				GCC_NO_COMMON_BLOCKS = YES;
				GCC_WARN_64_TO_32_BIT_CONVERSION = YES;
				GCC_WARN_ABOUT_RETURN_TYPE = YES_ERROR;
				GCC_WARN_UNDECLARED_SELECTOR = YES;
				GCC_WARN_UNINITIALIZED_AUTOS = YES_AGGRESSIVE;
				GCC_WARN_UNUSED_FUNCTION = YES;
				GCC_WARN_UNUSED_VARIABLE = YES;
				IPHONEOS_DEPLOYMENT_TARGET = 18.0;
				LOCALIZATION_PREFERS_STRING_CATALOGS = YES;
				MTL_ENABLE_DEBUG_INFO = NO;
				MTL_FAST_MATH = YES;
				SDKROOT = iphoneos;
				SWIFT_COMPILATION_MODE = wholemodule;
				VALIDATE_PRODUCT = YES;
			};
			name = Release;
		};
		AF44501D2CC636EB0069D807 /* Debug */ = {
			isa = XCBuildConfiguration;
			buildSettings = {
				ASSETCATALOG_COMPILER_APPICON_NAME = AppIcon;
				ASSETCATALOG_COMPILER_GLOBAL_ACCENT_COLOR_NAME = AccentColor;
				ASSETCATALOG_COMPILER_INCLUDE_ALL_APPICON_ASSETS = YES;
				CODE_SIGN_STYLE = Automatic;
				CURRENT_PROJECT_VERSION = 1;
				DEVELOPMENT_ASSET_PATHS = "\"e.g., WaterTrackerApp./Preview Content\"";
				DEVELOPMENT_TEAM = 3HWH533A7T;
				ENABLE_PREVIEWS = YES;
				GENERATE_INFOPLIST_FILE = YES;
				INFOPLIST_FILE = "";
				INFOPLIST_KEY_CFBundleDisplayName = Hydrate;
				INFOPLIST_KEY_UIApplicationSceneManifest_Generation = YES;
				INFOPLIST_KEY_UIApplicationSupportsIndirectInputEvents = YES;
				INFOPLIST_KEY_UILaunchScreen_Generation = YES;
				INFOPLIST_KEY_UISupportedInterfaceOrientations_iPad = "UIInterfaceOrientationPortrait UIInterfaceOrientationPortraitUpsideDown UIInterfaceOrientationLandscapeLeft UIInterfaceOrientationLandscapeRight";
				INFOPLIST_KEY_UISupportedInterfaceOrientations_iPhone = "UIInterfaceOrientationPortrait UIInterfaceOrientationLandscapeLeft UIInterfaceOrientationLandscapeRight";
				LD_RUNPATH_SEARCH_PATHS = (
					"$(inherited)",
					"@executable_path/Frameworks",
				);
				MARKETING_VERSION = 1.0;
				PRODUCT_BUNDLE_IDENTIFIER = "asa.e-g---WaterTrackerApp-";
				PRODUCT_NAME = "$(TARGET_NAME)";
				SWIFT_EMIT_LOC_STRINGS = YES;
				SWIFT_VERSION = 5.0;
				TARGETED_DEVICE_FAMILY = "1,2";
			};
			name = Debug;
		};
		AF44501E2CC636EB0069D807 /* Release */ = {
			isa = XCBuildConfiguration;
			buildSettings = {
				ASSETCATALOG_COMPILER_APPICON_NAME = AppIcon;
				ASSETCATALOG_COMPILER_GLOBAL_ACCENT_COLOR_NAME = AccentColor;
				ASSETCATALOG_COMPILER_INCLUDE_ALL_APPICON_ASSETS = YES;
				CODE_SIGN_STYLE = Automatic;
				CURRENT_PROJECT_VERSION = 1;
				DEVELOPMENT_ASSET_PATHS = "\"e.g., WaterTrackerApp./Preview Content\"";
				DEVELOPMENT_TEAM = 3HWH533A7T;
				ENABLE_PREVIEWS = YES;
				GENERATE_INFOPLIST_FILE = YES;
				INFOPLIST_FILE = "";
				INFOPLIST_KEY_CFBundleDisplayName = Hydrate;
				INFOPLIST_KEY_UIApplicationSceneManifest_Generation = YES;
				INFOPLIST_KEY_UIApplicationSupportsIndirectInputEvents = YES;
				INFOPLIST_KEY_UILaunchScreen_Generation = YES;
				INFOPLIST_KEY_UISupportedInterfaceOrientations_iPad = "UIInterfaceOrientationPortrait UIInterfaceOrientationPortraitUpsideDown UIInterfaceOrientationLandscapeLeft UIInterfaceOrientationLandscapeRight";
				INFOPLIST_KEY_UISupportedInterfaceOrientations_iPhone = "UIInterfaceOrientationPortrait UIInterfaceOrientationLandscapeLeft UIInterfaceOrientationLandscapeRight";
				LD_RUNPATH_SEARCH_PATHS = (
					"$(inherited)",
					"@executable_path/Frameworks",
				);
				MARKETING_VERSION = 1.0;
				PRODUCT_BUNDLE_IDENTIFIER = "asa.e-g---WaterTrackerApp-";
				PRODUCT_NAME = "$(TARGET_NAME)";
				SWIFT_EMIT_LOC_STRINGS = YES;
				SWIFT_VERSION = 5.0;
				TARGETED_DEVICE_FAMILY = "1,2";
			};
			name = Release;
		};
		AF4450202CC636EB0069D807 /* Debug */ = {
			isa = XCBuildConfiguration;
			buildSettings = {
				BUNDLE_LOADER = "$(TEST_HOST)";
				CODE_SIGN_STYLE = Automatic;
				CURRENT_PROJECT_VERSION = 1;
				GENERATE_INFOPLIST_FILE = YES;
				IPHONEOS_DEPLOYMENT_TARGET = 18.0;
				MARKETING_VERSION = 1.0;
				PRODUCT_BUNDLE_IDENTIFIER = "asa.e-g---WaterTrackerApp-Tests";
				PRODUCT_NAME = "$(TARGET_NAME)";
				SWIFT_EMIT_LOC_STRINGS = NO;
				SWIFT_VERSION = 5.0;
				TARGETED_DEVICE_FAMILY = "1,2";
				TEST_HOST = "$(BUILT_PRODUCTS_DIR)/e.g., WaterTrackerApp..app/$(BUNDLE_EXECUTABLE_FOLDER_PATH)/e.g., WaterTrackerApp.";
			};
			name = Debug;
		};
		AF4450212CC636EB0069D807 /* Release */ = {
			isa = XCBuildConfiguration;
			buildSettings = {
				BUNDLE_LOADER = "$(TEST_HOST)";
				CODE_SIGN_STYLE = Automatic;
				CURRENT_PROJECT_VERSION = 1;
				GENERATE_INFOPLIST_FILE = YES;
				IPHONEOS_DEPLOYMENT_TARGET = 18.0;
				MARKETING_VERSION = 1.0;
				PRODUCT_BUNDLE_IDENTIFIER = "asa.e-g---WaterTrackerApp-Tests";
				PRODUCT_NAME = "$(TARGET_NAME)";
				SWIFT_EMIT_LOC_STRINGS = NO;
				SWIFT_VERSION = 5.0;
				TARGETED_DEVICE_FAMILY = "1,2";
				TEST_HOST = "$(BUILT_PRODUCTS_DIR)/e.g., WaterTrackerApp..app/$(BUNDLE_EXECUTABLE_FOLDER_PATH)/e.g., WaterTrackerApp.";
			};
			name = Release;
		};
		AF4450232CC636EB0069D807 /* Debug */ = {
			isa = XCBuildConfiguration;
			buildSettings = {
				CODE_SIGN_STYLE = Automatic;
				CURRENT_PROJECT_VERSION = 1;
				GENERATE_INFOPLIST_FILE = YES;
				MARKETING_VERSION = 1.0;
				PRODUCT_BUNDLE_IDENTIFIER = "asa.e-g---WaterTrackerApp-UITests";
				PRODUCT_NAME = "$(TARGET_NAME)";
				SWIFT_EMIT_LOC_STRINGS = NO;
				SWIFT_VERSION = 5.0;
				TARGETED_DEVICE_FAMILY = "1,2";
				TEST_TARGET_NAME = "e.g., WaterTrackerApp.";
			};
			name = Debug;
		};
		AF4450242CC636EB0069D807 /* Release */ = {
			isa = XCBuildConfiguration;
			buildSettings = {
				CODE_SIGN_STYLE = Automatic;
				CURRENT_PROJECT_VERSION = 1;
				GENERATE_INFOPLIST_FILE = YES;
				MARKETING_VERSION = 1.0;
				PRODUCT_BUNDLE_IDENTIFIER = "asa.e-g---WaterTrackerApp-UITests";
				PRODUCT_NAME = "$(TARGET_NAME)";
				SWIFT_EMIT_LOC_STRINGS = NO;
				SWIFT_VERSION = 5.0;
				TARGETED_DEVICE_FAMILY = "1,2";
				TEST_TARGET_NAME = "e.g., WaterTrackerApp.";
			};
			name = Release;
		};
/* End XCBuildConfiguration section */

/* Begin XCConfigurationList section */
		AF444FF32CC636EA0069D807 /* Build configuration list for PBXProject "e.g., WaterTrackerApp." */ = {
			isa = XCConfigurationList;
			buildConfigurations = (
				AF44501A2CC636EB0069D807 /* Debug */,
				AF44501B2CC636EB0069D807 /* Release */,
			);
			defaultConfigurationIsVisible = 0;
			defaultConfigurationName = Release;
		};
		AF44501C2CC636EB0069D807 /* Build configuration list for PBXNativeTarget "e.g., WaterTrackerApp." */ = {
			isa = XCConfigurationList;
			buildConfigurations = (
				AF44501D2CC636EB0069D807 /* Debug */,
				AF44501E2CC636EB0069D807 /* Release */,
			);
			defaultConfigurationIsVisible = 0;
			defaultConfigurationName = Release;
		};
		AF44501F2CC636EB0069D807 /* Build configuration list for PBXNativeTarget "e.g., WaterTrackerApp.Tests" */ = {
			isa = XCConfigurationList;
			buildConfigurations = (
				AF4450202CC636EB0069D807 /* Debug */,
				AF4450212CC636EB0069D807 /* Release */,
			);
			defaultConfigurationIsVisible = 0;
			defaultConfigurationName = Release;
		};
		AF4450222CC636EB0069D807 /* Build configuration list for PBXNativeTarget "e.g., WaterTrackerApp.UITests" */ = {
			isa = XCConfigurationList;
			buildConfigurations = (
				AF4450232CC636EB0069D807 /* Debug */,
				AF4450242CC636EB0069D807 /* Release */,
			);
			defaultConfigurationIsVisible = 0;
			defaultConfigurationName = Release;
		};
/* End XCConfigurationList section */
	};
	rootObject = AF444FF02CC636EA0069D807 /* Project object */;
}
